{
  "name": "TRING-EATS",
  "lockfileVersion": 3,
  "requires": true,
  "packages": {
    "": {
      "dependencies": {
        "postgraphile-plugin-connection-filter": "^2.3.0"
      }
    },
    "node_modules/postgraphile-plugin-connection-filter": {
      "version": "2.3.0",
      "resolved": "https://registry.npmjs.org/postgraphile-plugin-connection-filter/-/postgraphile-plugin-connection-filter-2.3.0.tgz",
      "integrity": "sha512-TR5bq/NOqqtm4xV3D2Qw+CJo0Hanrx1lqh0KZiU78z8YijcLC0NuT3z0nJyCB842nWbx5Wi6p0S+xmrgzRFNgQ==",
      "license": "MIT",
      "dependencies": {
        "tslib": "^2.3.0"
      }
    },
    "node_modules/tslib": {
      "version": "2.8.1",
      "resolved": "https://registry.npmjs.org/tslib/-/tslib-2.8.1.tgz",
      "integrity": "sha512-oJFu94HQb+KVduSUQL7wnpmqnfmLsOA/nAh6b6EH0wCEoK0/mPeXU6c3wKDV83MkOuHPRHtSXKKU99IBazS/2w==",
      "license": "0BSD"
    }
  }
}
